{
  "nodes": {
    "crane": {
      "locked": {
        "lastModified": 1746291859,
        "narHash": "sha256-DdWJLA+D5tcmrRSg5Y7tp/qWaD05ATI4Z7h22gd1h7Q=",
        "owner": "ipetkov",
        "repo": "crane",
        "rev": "dfd9a8dfd09db9aad544c4d3b6c47b12562544a5",
        "type": "github"
      },
      "original": {
        "owner": "ipetkov",
        "repo": "crane",
        "type": "github"
      }
    },
    "fenix": {
      "inputs": {
        "nixpkgs": "nixpkgs",
        "rust-analyzer-src": "rust-analyzer-src"
      },
      "locked": {
        "lastModified": 1746427067,
        "narHash": "sha256-MlBKT0A2nK8LHDkeg3jrG2wo80C1bSGyT2tmKrc6pM0=",
        "owner": "nix-community",
        "repo": "fenix",
        "rev": "9e7d648c1f8fdf7beb9b0b1abb3a41d0d8b5fb05",
        "type": "github"
      },
      "original": {
        "owner": "nix-community",
        "repo": "fenix",
        "type": "github"
      }
    },
    "nixpkgs": {
      "locked": {
        "lastModified": 1746328495,
        "narHash": "sha256-uKCfuDs7ZM3QpCE/jnfubTg459CnKnJG/LwqEVEdEiw=",
        "owner": "nixos",
        "repo": "nixpkgs",
        "rev": "979daf34c8cacebcd917d540070b52a3c2b9b16e",
        "type": "github"
      },
      "original": {
        "owner": "nixos",
        "ref": "nixos-unstable",
        "repo": "nixpkgs",
        "type": "github"
      }
    },
    "nixpkgs_2": {
      "locked": {
        "lastModified": 1746397377,
        "narHash": "sha256-5oLdRa3vWSRbuqPIFFmQBGGUqaYZBxX+GGtN9f/n4lU=",
        "owner": "NixOS",
        "repo": "nixpkgs",
        "rev": "ed30f8aba41605e3ab46421e3dcb4510ec560ff8",
        "type": "github"
      },
      "original": {
        "owner": "NixOS",
        "ref": "nixpkgs-unstable",
        "repo": "nixpkgs",
        "type": "github"
      }
    },
    "pegviz": {
      "flake": false,
      "locked": {
        "lastModified": 1737453796,
        "narHash": "sha256-sa2KVwme31J/ExzHa3IApVXFH0kctEsSN8dG4rSwzIk=",
        "owner": "fasterthanlime",
        "repo": "pegviz",
        "rev": "9f55edb563536cf959eb1e8615d505f87982348b",
        "type": "github"
      },
      "original": {
        "owner": "fasterthanlime",
        "repo": "pegviz",
        "type": "github"
      }
    },
    "root": {
      "inputs": {
        "crane": "crane",
        "fenix": "fenix",
        "nixpkgs": "nixpkgs_2",
        "pegviz": "pegviz"
      }
    },
    "rust-analyzer-src": {
      "flake": false,
      "locked": {
        "lastModified": 1746332785,
        "narHash": "sha256-d4/WBcspAR38AMsZysrQsenF1NmZ0/9GhjD4hxvPygo=",
        "owner": "rust-lang",
        "repo": "rust-analyzer",
        "rev": "3b57c001518aeb42511e177221f98ecf42104016",
        "type": "github"
      },
      "original": {
        "owner": "rust-lang",
        "ref": "nightly",
        "repo": "rust-analyzer",
        "type": "github"
      }
    }
  },
  "root": "root",
  "version": 7
}
