{
  "nodes": {
    "crane": {
      "locked": {
        "lastModified": 1739936662,
        "narHash": "sha256-x4syUjNUuRblR07nDPeLDP7DpphaBVbUaSoeZkFbGSk=",
        "owner": "ipetkov",
        "repo": "crane",
        "rev": "19de14aaeb869287647d9461cbd389187d8ecdb7",
        "type": "github"
      },
      "original": {
        "owner": "ipetkov",
        "repo": "crane",
        "type": "github"
      }
    },
    "fenix": {
      "inputs": {
        "nixpkgs": "nixpkgs",
        "rust-analyzer-src": "rust-analyzer-src"
      },
      "locked": {
        "lastModified": 1740033308,
        "narHash": "sha256-jE2/p3DRT12W8wYhryj5TG59IeaF1WCS3bC692l3dHo=",
        "owner": "nix-community",
        "repo": "fenix",
        "rev": "89c587146615948531987c338cbcffabf13df148",
        "type": "github"
      },
      "original": {
        "owner": "nix-community",
        "repo": "fenix",
        "type": "github"
      }
    },
    "nixpkgs": {
      "locked": {
        "lastModified": 1739866667,
        "narHash": "sha256-EO1ygNKZlsAC9avfcwHkKGMsmipUk1Uc0TbrEZpkn64=",
        "owner": "nixos",
        "repo": "nixpkgs",
        "rev": "73cf49b8ad837ade2de76f87eb53fc85ed5d4680",
        "type": "github"
      },
      "original": {
        "owner": "nixos",
        "ref": "nixos-unstable",
        "repo": "nixpkgs",
        "type": "github"
      }
    },
    "nixpkgs_2": {
      "locked": {
        "lastModified": 1740019556,
        "narHash": "sha256-vn285HxnnlHLWnv59Og7muqECNMS33mWLM14soFIv2g=",
        "owner": "NixOS",
        "repo": "nixpkgs",
        "rev": "dad564433178067be1fbdfcce23b546254b6d641",
        "type": "github"
      },
      "original": {
        "owner": "NixOS",
        "ref": "nixpkgs-unstable",
        "repo": "nixpkgs",
        "type": "github"
      }
    },
    "pegviz": {
      "flake": false,
      "locked": {
        "lastModified": 1737453796,
        "narHash": "sha256-sa2KVwme31J/ExzHa3IApVXFH0kctEsSN8dG4rSwzIk=",
        "owner": "fasterthanlime",
        "repo": "pegviz",
        "rev": "9f55edb563536cf959eb1e8615d505f87982348b",
        "type": "github"
      },
      "original": {
        "owner": "fasterthanlime",
        "repo": "pegviz",
        "type": "github"
      }
    },
    "root": {
      "inputs": {
        "crane": "crane",
        "fenix": "fenix",
        "nixpkgs": "nixpkgs_2",
        "pegviz": "pegviz"
      }
    },
    "rust-analyzer-src": {
      "flake": false,
      "locked": {
        "lastModified": 1739947021,
        "narHash": "sha256-f+a8HcKuZMqRg2C1jTkllMJKyAWlio5eBa5T5drlChI=",
        "owner": "rust-lang",
        "repo": "rust-analyzer",
        "rev": "9691da7707ea7c50922fe1647b1c2af47934b9fa",
        "type": "github"
      },
      "original": {
        "owner": "rust-lang",
        "ref": "nightly",
        "repo": "rust-analyzer",
        "type": "github"
      }
    }
  },
  "root": "root",
  "version": 7
}
